// !$*UTF8*$!
{
	archiveVersion = 1;
	classes = {
	};
	objectVersion = 56;
	objects = {

/* Begin PBXBuildFile section */
		3564545C2A93F23600C6A164 /* RMCharacterDetailView.swift in Sources */ = {isa = PBXBuildFile; fileRef = 3564545B2A93F23600C6A164 /* RMCharacterDetailView.swift */; };
		3564545E2A93FC6700C6A164 /* RMCharacterDetailViewModel.swift in Sources */ = {isa = PBXBuildFile; fileRef = 3564545D2A93FC6700C6A164 /* RMCharacterDetailViewModel.swift */; };
		357305CB2A4E51B0005BCD5F /* RMLocationHorizontalCell.swift in Sources */ = {isa = PBXBuildFile; fileRef = 357305CA2A4E51B0005BCD5F /* RMLocationHorizontalCell.swift */; };
		357802BE2A5CE206009FE1D0 /* RMLocationConfiguration.swift in Sources */ = {isa = PBXBuildFile; fileRef = 357802BD2A5CE206009FE1D0 /* RMLocationConfiguration.swift */; };
		357802C02A5CE251009FE1D0 /* RMLocationCellViewModel.swift in Sources */ = {isa = PBXBuildFile; fileRef = 357802BF2A5CE251009FE1D0 /* RMLocationCellViewModel.swift */; };
		357802C22A5CE2B0009FE1D0 /* RMCharacterConfiguration.swift in Sources */ = {isa = PBXBuildFile; fileRef = 357802C12A5CE2B0009FE1D0 /* RMCharacterConfiguration.swift */; };
		357802C42A5CE2E9009FE1D0 /* RMCharacterCellViewModel.swift in Sources */ = {isa = PBXBuildFile; fileRef = 357802C32A5CE2E9009FE1D0 /* RMCharacterCellViewModel.swift */; };
		3578B1722A3BC689008AA38A /* RMCharacterStatusView.swift in Sources */ = {isa = PBXBuildFile; fileRef = 3578B1712A3BC689008AA38A /* RMCharacterStatusView.swift */; };
		35A8B7362ABFCD8B00AC7F9E /* RMCharacterCardView.swift in Sources */ = {isa = PBXBuildFile; fileRef = 35EBC70D2AA9047400C694CD /* RMCharacterCardView.swift */; };
		35A8B7372ABFCD8F00AC7F9E /* RMLocationDetailView.swift in Sources */ = {isa = PBXBuildFile; fileRef = 35EBC7032AA29D0700C694CD /* RMLocationDetailView.swift */; };
		35A8B7382ABFCD9A00AC7F9E /* RMLocationDetailViewModel.swift in Sources */ = {isa = PBXBuildFile; fileRef = 35EBC7052AA29D5A00C694CD /* RMLocationDetailViewModel.swift */; };
		35A8B7392ABFCD9E00AC7F9E /* RMCharacterCardViewModel.swift in Sources */ = {isa = PBXBuildFile; fileRef = 35EBC70F2AA904A200C694CD /* RMCharacterCardViewModel.swift */; };
		35B5CCB52A85C5F900B11614 /* SDWebImageSwiftUI in Frameworks */ = {isa = PBXBuildFile; productRef = 35B5CCB42A85C5F900B11614 /* SDWebImageSwiftUI */; };
		35B5CCE12A8EC91A00B11614 /* RMHostingController.swift in Sources */ = {isa = PBXBuildFile; fileRef = 35B5CCE02A8EC91A00B11614 /* RMHostingController.swift */; };
		35EBC6E72A995F4B00C694CD /* RMEpisodeCardView.swift in Sources */ = {isa = PBXBuildFile; fileRef = 35EBC6E62A995F4B00C694CD /* RMEpisodeCardView.swift */; };
		35EBC6EA2A9960A500C694CD /* RMEpisodeCardViewModel.swift in Sources */ = {isa = PBXBuildFile; fileRef = 35EBC6E92A9960A500C694CD /* RMEpisodeCardViewModel.swift */; };
		35F34D272A3D6C3300F4FAAE /* RMCharacterImageSpecieView.swift in Sources */ = {isa = PBXBuildFile; fileRef = 35F34D262A3D6C3300F4FAAE /* RMCharacterImageSpecieView.swift */; };
		35FECAF62A747C4600822357 /* String+Ext.swift in Sources */ = {isa = PBXBuildFile; fileRef = 35FECAF52A747C4600822357 /* String+Ext.swift */; };
		766BD0972A5621C900441E99 /* UIImageView+Ext.swift in Sources */ = {isa = PBXBuildFile; fileRef = 766BD0962A5621C900441E99 /* UIImageView+Ext.swift */; };
		766BD0992A56266700441E99 /* UIImage+Ext.swift in Sources */ = {isa = PBXBuildFile; fileRef = 766BD0982A56266700441E99 /* UIImage+Ext.swift */; };
		766CB6AB2A3A6F5700F4809C /* get_schwifty.ttf in Resources */ = {isa = PBXBuildFile; fileRef = 766CB6AA2A3A6F5700F4809C /* get_schwifty.ttf */; };
		768923DD2A35477000766308 /* AppDelegate.swift in Sources */ = {isa = PBXBuildFile; fileRef = 768923DC2A35477000766308 /* AppDelegate.swift */; };
		768923DF2A35477000766308 /* SceneDelegate.swift in Sources */ = {isa = PBXBuildFile; fileRef = 768923DE2A35477000766308 /* SceneDelegate.swift */; };
		768923E62A35477000766308 /* Assets.xcassets in Resources */ = {isa = PBXBuildFile; fileRef = 768923E52A35477000766308 /* Assets.xcassets */; };
		768923E92A35477000766308 /* LaunchScreen.storyboard in Resources */ = {isa = PBXBuildFile; fileRef = 768923E72A35477000766308 /* LaunchScreen.storyboard */; };
		768923F82A35531000766308 /* RMCharacter.swift in Sources */ = {isa = PBXBuildFile; fileRef = 768923F72A35531000766308 /* RMCharacter.swift */; };
		768923FA2A35537300766308 /* RMResponse.swift in Sources */ = {isa = PBXBuildFile; fileRef = 768923F92A35537300766308 /* RMResponse.swift */; };
		768923FC2A3554B700766308 /* RMLocation.swift in Sources */ = {isa = PBXBuildFile; fileRef = 768923FB2A3554B700766308 /* RMLocation.swift */; };
		768923FF2A35550C00766308 /* NetworkFetcher.swift in Sources */ = {isa = PBXBuildFile; fileRef = 768923FE2A35550C00766308 /* NetworkFetcher.swift */; };
		768924022A35591300766308 /* RMDataProvider.swift in Sources */ = {isa = PBXBuildFile; fileRef = 768924012A35591300766308 /* RMDataProvider.swift */; };
		768924072A355F4300766308 /* RMEndpoint.swift in Sources */ = {isa = PBXBuildFile; fileRef = 768924062A355F4300766308 /* RMEndpoint.swift */; };
		7689240D2A369F2C00766308 /* RMListViewController.swift in Sources */ = {isa = PBXBuildFile; fileRef = 7689240C2A369F2C00766308 /* RMListViewController.swift */; };
		7689240F2A369FF600766308 /* RMListViewModel.swift in Sources */ = {isa = PBXBuildFile; fileRef = 7689240E2A369FF600766308 /* RMListViewModel.swift */; };
		768EEF502A37E2F200B6C2BF /* RMCharacterHorizontalCell.swift in Sources */ = {isa = PBXBuildFile; fileRef = 768EEF4F2A37E2F200B6C2BF /* RMCharacterHorizontalCell.swift */; };
		76AD942A2A4E3F80000132AD /* Coordinator.swift in Sources */ = {isa = PBXBuildFile; fileRef = 76AD94292A4E3F80000132AD /* Coordinator.swift */; };
		76BA87332AAE7B6D0082572C /* IntegerExtractor.swift in Sources */ = {isa = PBXBuildFile; fileRef = 76BA87322AAE7B6D0082572C /* IntegerExtractor.swift */; };
		76BA87432AAE80620082572C /* IntegerExtractorTests.swift in Sources */ = {isa = PBXBuildFile; fileRef = 76BA87422AAE80620082572C /* IntegerExtractorTests.swift */; };
		76BA87462AAEA1C60082572C /* MockResponses.swift in Sources */ = {isa = PBXBuildFile; fileRef = 76BA87452AAEA1C60082572C /* MockResponses.swift */; };
		831124E82A5E5B8C003BB1A5 /* RMEpisodeConfiguration.swift in Sources */ = {isa = PBXBuildFile; fileRef = 831124E72A5E5B8C003BB1A5 /* RMEpisodeConfiguration.swift */; };
		831124EA2A5E5BA8003BB1A5 /* RMEpisodeHorizontalCell.swift in Sources */ = {isa = PBXBuildFile; fileRef = 831124E92A5E5BA8003BB1A5 /* RMEpisodeHorizontalCell.swift */; };
		831124EC2A5E5BC3003BB1A5 /* RMEpisodeCellViewModel.swift in Sources */ = {isa = PBXBuildFile; fileRef = 831124EB2A5E5BC3003BB1A5 /* RMEpisodeCellViewModel.swift */; };
		831124EE2A5E5BD6003BB1A5 /* RMEpisode.swift in Sources */ = {isa = PBXBuildFile; fileRef = 831124ED2A5E5BD6003BB1A5 /* RMEpisode.swift */; };
		839626E82ADA7AFF00B3147C /* RMEpisodeDetailViewModel.swift in Sources */ = {isa = PBXBuildFile; fileRef = 839626E72ADA7AFF00B3147C /* RMEpisodeDetailViewModel.swift */; };
		839626EA2ADA7B9E00B3147C /* RMEpisodeDetailView.swift in Sources */ = {isa = PBXBuildFile; fileRef = 839626E92ADA7B9E00B3147C /* RMEpisodeDetailView.swift */; };
		83C82D202ACB90C500B1948D /* FooterPageView.swift in Sources */ = {isa = PBXBuildFile; fileRef = 83C82D1F2ACB90C500B1948D /* FooterPageView.swift */; };
		83CD00662A6068330011E7E1 /* DateFormatter+Ext.swift in Sources */ = {isa = PBXBuildFile; fileRef = 83CD00652A6068330011E7E1 /* DateFormatter+Ext.swift */; };
		83F78AA02A7A1FC200FD3BCD /* FooterSpinnerView.swift in Sources */ = {isa = PBXBuildFile; fileRef = 83F78A9F2A7A1FC200FD3BCD /* FooterSpinnerView.swift */; };
		D6238E7A2B573B8F00671416 /* RMCharacterCardView.swift in Sources */ = {isa = PBXBuildFile; fileRef = 35EBC70D2AA9047400C694CD /* RMCharacterCardView.swift */; };
/* End PBXBuildFile section */

/* Begin PBXContainerItemProxy section */
		76BA873C2AAE7FEA0082572C /* PBXContainerItemProxy */ = {
			isa = PBXContainerItemProxy;
			containerPortal = 768923D12A35477000766308 /* Project object */;
			proxyType = 1;
			remoteGlobalIDString = 768923D82A35477000766308;
			remoteInfo = RickAndMorty;
		};
/* End PBXContainerItemProxy section */

/* Begin PBXFileReference section */
		3564545B2A93F23600C6A164 /* RMCharacterDetailView.swift */ = {isa = PBXFileReference; lastKnownFileType = sourcecode.swift; path = RMCharacterDetailView.swift; sourceTree = "<group>"; };
		3564545D2A93FC6700C6A164 /* RMCharacterDetailViewModel.swift */ = {isa = PBXFileReference; lastKnownFileType = sourcecode.swift; path = RMCharacterDetailViewModel.swift; sourceTree = "<group>"; };
		357305CA2A4E51B0005BCD5F /* RMLocationHorizontalCell.swift */ = {isa = PBXFileReference; lastKnownFileType = sourcecode.swift; path = RMLocationHorizontalCell.swift; sourceTree = "<group>"; };
		357802BD2A5CE206009FE1D0 /* RMLocationConfiguration.swift */ = {isa = PBXFileReference; lastKnownFileType = sourcecode.swift; path = RMLocationConfiguration.swift; sourceTree = "<group>"; };
		357802BF2A5CE251009FE1D0 /* RMLocationCellViewModel.swift */ = {isa = PBXFileReference; lastKnownFileType = sourcecode.swift; path = RMLocationCellViewModel.swift; sourceTree = "<group>"; };
		357802C12A5CE2B0009FE1D0 /* RMCharacterConfiguration.swift */ = {isa = PBXFileReference; lastKnownFileType = sourcecode.swift; path = RMCharacterConfiguration.swift; sourceTree = "<group>"; };
		357802C32A5CE2E9009FE1D0 /* RMCharacterCellViewModel.swift */ = {isa = PBXFileReference; lastKnownFileType = sourcecode.swift; path = RMCharacterCellViewModel.swift; sourceTree = "<group>"; };
		3578B1712A3BC689008AA38A /* RMCharacterStatusView.swift */ = {isa = PBXFileReference; lastKnownFileType = sourcecode.swift; path = RMCharacterStatusView.swift; sourceTree = "<group>"; };
		35B5CCE02A8EC91A00B11614 /* RMHostingController.swift */ = {isa = PBXFileReference; lastKnownFileType = sourcecode.swift; path = RMHostingController.swift; sourceTree = "<group>"; };
		35EBC6E62A995F4B00C694CD /* RMEpisodeCardView.swift */ = {isa = PBXFileReference; lastKnownFileType = sourcecode.swift; path = RMEpisodeCardView.swift; sourceTree = "<group>"; };
		35EBC6E92A9960A500C694CD /* RMEpisodeCardViewModel.swift */ = {isa = PBXFileReference; lastKnownFileType = sourcecode.swift; path = RMEpisodeCardViewModel.swift; sourceTree = "<group>"; };
		35EBC7032AA29D0700C694CD /* RMLocationDetailView.swift */ = {isa = PBXFileReference; lastKnownFileType = sourcecode.swift; path = RMLocationDetailView.swift; sourceTree = "<group>"; };
		35EBC7052AA29D5A00C694CD /* RMLocationDetailViewModel.swift */ = {isa = PBXFileReference; lastKnownFileType = sourcecode.swift; path = RMLocationDetailViewModel.swift; sourceTree = "<group>"; };
		35EBC70D2AA9047400C694CD /* RMCharacterCardView.swift */ = {isa = PBXFileReference; lastKnownFileType = sourcecode.swift; path = RMCharacterCardView.swift; sourceTree = "<group>"; };
		35EBC70F2AA904A200C694CD /* RMCharacterCardViewModel.swift */ = {isa = PBXFileReference; lastKnownFileType = sourcecode.swift; path = RMCharacterCardViewModel.swift; sourceTree = "<group>"; };
		35F34D262A3D6C3300F4FAAE /* RMCharacterImageSpecieView.swift */ = {isa = PBXFileReference; lastKnownFileType = sourcecode.swift; path = RMCharacterImageSpecieView.swift; sourceTree = "<group>"; };
		35FECAF52A747C4600822357 /* String+Ext.swift */ = {isa = PBXFileReference; lastKnownFileType = sourcecode.swift; path = "String+Ext.swift"; sourceTree = "<group>"; };
		766BD0962A5621C900441E99 /* UIImageView+Ext.swift */ = {isa = PBXFileReference; lastKnownFileType = sourcecode.swift; path = "UIImageView+Ext.swift"; sourceTree = "<group>"; };
		766BD0982A56266700441E99 /* UIImage+Ext.swift */ = {isa = PBXFileReference; lastKnownFileType = sourcecode.swift; path = "UIImage+Ext.swift"; sourceTree = "<group>"; };
		766CB6AA2A3A6F5700F4809C /* get_schwifty.ttf */ = {isa = PBXFileReference; lastKnownFileType = file; path = get_schwifty.ttf; sourceTree = "<group>"; };
		768923D92A35477000766308 /* RickAndMorty.app */ = {isa = PBXFileReference; explicitFileType = wrapper.application; includeInIndex = 0; path = RickAndMorty.app; sourceTree = BUILT_PRODUCTS_DIR; };
		768923DC2A35477000766308 /* AppDelegate.swift */ = {isa = PBXFileReference; lastKnownFileType = sourcecode.swift; path = AppDelegate.swift; sourceTree = "<group>"; };
		768923DE2A35477000766308 /* SceneDelegate.swift */ = {isa = PBXFileReference; lastKnownFileType = sourcecode.swift; path = SceneDelegate.swift; sourceTree = "<group>"; };
		768923E52A35477000766308 /* Assets.xcassets */ = {isa = PBXFileReference; lastKnownFileType = folder.assetcatalog; path = Assets.xcassets; sourceTree = "<group>"; };
		768923E82A35477000766308 /* Base */ = {isa = PBXFileReference; lastKnownFileType = file.storyboard; name = Base; path = Base.lproj/LaunchScreen.storyboard; sourceTree = "<group>"; };
		768923EA2A35477000766308 /* Info.plist */ = {isa = PBXFileReference; lastKnownFileType = text.plist.xml; path = Info.plist; sourceTree = "<group>"; };
		768923F72A35531000766308 /* RMCharacter.swift */ = {isa = PBXFileReference; fileEncoding = 4; lastKnownFileType = sourcecode.swift; path = RMCharacter.swift; sourceTree = "<group>"; };
		768923F92A35537300766308 /* RMResponse.swift */ = {isa = PBXFileReference; lastKnownFileType = sourcecode.swift; path = RMResponse.swift; sourceTree = "<group>"; };
		768923FB2A3554B700766308 /* RMLocation.swift */ = {isa = PBXFileReference; fileEncoding = 4; lastKnownFileType = sourcecode.swift; path = RMLocation.swift; sourceTree = "<group>"; };
		768923FE2A35550C00766308 /* NetworkFetcher.swift */ = {isa = PBXFileReference; lastKnownFileType = sourcecode.swift; path = NetworkFetcher.swift; sourceTree = "<group>"; };
		768924012A35591300766308 /* RMDataProvider.swift */ = {isa = PBXFileReference; lastKnownFileType = sourcecode.swift; path = RMDataProvider.swift; sourceTree = "<group>"; };
		768924062A355F4300766308 /* RMEndpoint.swift */ = {isa = PBXFileReference; lastKnownFileType = sourcecode.swift; path = RMEndpoint.swift; sourceTree = "<group>"; };
		7689240C2A369F2C00766308 /* RMListViewController.swift */ = {isa = PBXFileReference; lastKnownFileType = sourcecode.swift; path = RMListViewController.swift; sourceTree = "<group>"; };
		7689240E2A369FF600766308 /* RMListViewModel.swift */ = {isa = PBXFileReference; lastKnownFileType = sourcecode.swift; path = RMListViewModel.swift; sourceTree = "<group>"; };
		768EEF4F2A37E2F200B6C2BF /* RMCharacterHorizontalCell.swift */ = {isa = PBXFileReference; lastKnownFileType = sourcecode.swift; path = RMCharacterHorizontalCell.swift; sourceTree = "<group>"; };
		76AD94292A4E3F80000132AD /* Coordinator.swift */ = {isa = PBXFileReference; lastKnownFileType = sourcecode.swift; path = Coordinator.swift; sourceTree = "<group>"; };
		76BA87322AAE7B6D0082572C /* IntegerExtractor.swift */ = {isa = PBXFileReference; lastKnownFileType = sourcecode.swift; path = IntegerExtractor.swift; sourceTree = "<group>"; };
		76BA87382AAE7FEA0082572C /* RickAndMortyTests.xctest */ = {isa = PBXFileReference; explicitFileType = wrapper.cfbundle; includeInIndex = 0; path = RickAndMortyTests.xctest; sourceTree = BUILT_PRODUCTS_DIR; };
		76BA87422AAE80620082572C /* IntegerExtractorTests.swift */ = {isa = PBXFileReference; lastKnownFileType = sourcecode.swift; path = IntegerExtractorTests.swift; sourceTree = "<group>"; };
		76BA87452AAEA1C60082572C /* MockResponses.swift */ = {isa = PBXFileReference; lastKnownFileType = sourcecode.swift; path = MockResponses.swift; sourceTree = "<group>"; };
		831124E72A5E5B8C003BB1A5 /* RMEpisodeConfiguration.swift */ = {isa = PBXFileReference; lastKnownFileType = sourcecode.swift; path = RMEpisodeConfiguration.swift; sourceTree = "<group>"; };
		831124E92A5E5BA8003BB1A5 /* RMEpisodeHorizontalCell.swift */ = {isa = PBXFileReference; lastKnownFileType = sourcecode.swift; path = RMEpisodeHorizontalCell.swift; sourceTree = "<group>"; };
		831124EB2A5E5BC3003BB1A5 /* RMEpisodeCellViewModel.swift */ = {isa = PBXFileReference; lastKnownFileType = sourcecode.swift; path = RMEpisodeCellViewModel.swift; sourceTree = "<group>"; };
		831124ED2A5E5BD6003BB1A5 /* RMEpisode.swift */ = {isa = PBXFileReference; lastKnownFileType = sourcecode.swift; path = RMEpisode.swift; sourceTree = "<group>"; };
		839626E72ADA7AFF00B3147C /* RMEpisodeDetailViewModel.swift */ = {isa = PBXFileReference; lastKnownFileType = sourcecode.swift; path = RMEpisodeDetailViewModel.swift; sourceTree = "<group>"; };
		839626E92ADA7B9E00B3147C /* RMEpisodeDetailView.swift */ = {isa = PBXFileReference; lastKnownFileType = sourcecode.swift; path = RMEpisodeDetailView.swift; sourceTree = "<group>"; };
		83C82D1F2ACB90C500B1948D /* FooterPageView.swift */ = {isa = PBXFileReference; lastKnownFileType = sourcecode.swift; path = FooterPageView.swift; sourceTree = "<group>"; };
		83CD00652A6068330011E7E1 /* DateFormatter+Ext.swift */ = {isa = PBXFileReference; lastKnownFileType = sourcecode.swift; path = "DateFormatter+Ext.swift"; sourceTree = "<group>"; };
		83F78A9F2A7A1FC200FD3BCD /* FooterSpinnerView.swift */ = {isa = PBXFileReference; lastKnownFileType = sourcecode.swift; path = FooterSpinnerView.swift; sourceTree = "<group>"; };
/* End PBXFileReference section */

/* Begin PBXFrameworksBuildPhase section */
		768923D62A35477000766308 /* Frameworks */ = {
			isa = PBXFrameworksBuildPhase;
			buildActionMask = 2147483647;
			files = (
				35B5CCB52A85C5F900B11614 /* SDWebImageSwiftUI in Frameworks */,
			);
			runOnlyForDeploymentPostprocessing = 0;
		};
		76BA87352AAE7FEA0082572C /* Frameworks */ = {
			isa = PBXFrameworksBuildPhase;
			buildActionMask = 2147483647;
			files = (
			);
			runOnlyForDeploymentPostprocessing = 0;
		};
/* End PBXFrameworksBuildPhase section */

/* Begin PBXGroup section */
		356454592A93F21400C6A164 /* DetailViews */ = {
			isa = PBXGroup;
			children = (
				839626E62ADA7AD500B3147C /* RMEpisodeDetail */,
				35EBC7022AA29CE900C694CD /* RMLocationDetail */,
				3564545A2A93F21F00C6A164 /* RMCharacterDetailView */,
			);
			path = DetailViews;
			sourceTree = "<group>";
		};
		3564545A2A93F21F00C6A164 /* RMCharacterDetailView */ = {
			isa = PBXGroup;
			children = (
				3564545B2A93F23600C6A164 /* RMCharacterDetailView.swift */,
				3564545D2A93FC6700C6A164 /* RMCharacterDetailViewModel.swift */,
			);
			path = RMCharacterDetailView;
			sourceTree = "<group>";
		};
		357802BC2A5CE1D6009FE1D0 /* RMLocationList */ = {
			isa = PBXGroup;
			children = (
				357305CA2A4E51B0005BCD5F /* RMLocationHorizontalCell.swift */,
				357802BD2A5CE206009FE1D0 /* RMLocationConfiguration.swift */,
				357802BF2A5CE251009FE1D0 /* RMLocationCellViewModel.swift */,
			);
			path = RMLocationList;
			sourceTree = "<group>";
		};
		35911BE62ACE368300DE86CA /* CharacterCard */ = {
			isa = PBXGroup;
			children = (
				35EBC70D2AA9047400C694CD /* RMCharacterCardView.swift */,
				35EBC70F2AA904A200C694CD /* RMCharacterCardViewModel.swift */,
			);
			path = CharacterCard;
			sourceTree = "<group>";
		};
		35B5CCDF2A8EC8FF00B11614 /* RMHosting */ = {
			isa = PBXGroup;
			children = (
				35B5CCE02A8EC91A00B11614 /* RMHostingController.swift */,
			);
			path = RMHosting;
			sourceTree = "<group>";
		};
		35EBC6E52A995F3300C694CD /* Cards */ = {
			isa = PBXGroup;
			children = (
				35911BE62ACE368300DE86CA /* CharacterCard */,
				35EBC6E82A995F5200C694CD /* EpisodeCard */,
			);
			path = Cards;
			sourceTree = "<group>";
		};
		35EBC6E82A995F5200C694CD /* EpisodeCard */ = {
			isa = PBXGroup;
			children = (
				35EBC6E62A995F4B00C694CD /* RMEpisodeCardView.swift */,
				35EBC6E92A9960A500C694CD /* RMEpisodeCardViewModel.swift */,
			);
			path = EpisodeCard;
			sourceTree = "<group>";
		};
		35EBC7022AA29CE900C694CD /* RMLocationDetail */ = {
			isa = PBXGroup;
			children = (
				35EBC7032AA29D0700C694CD /* RMLocationDetailView.swift */,
				35EBC7052AA29D5A00C694CD /* RMLocationDetailViewModel.swift */,
			);
			path = RMLocationDetail;
			sourceTree = "<group>";
		};
		766CB6A92A3A6E1600F4809C /* Fonts */ = {
			isa = PBXGroup;
			children = (
				766CB6AA2A3A6F5700F4809C /* get_schwifty.ttf */,
			);
			path = Fonts;
			sourceTree = "<group>";
		};
		768923D02A35477000766308 = {
			isa = PBXGroup;
			children = (
				768923DB2A35477000766308 /* RickAndMorty */,
				76BA87392AAE7FEA0082572C /* RickAndMortyTests */,
				768923DA2A35477000766308 /* Products */,
			);
			sourceTree = "<group>";
		};
		768923DA2A35477000766308 /* Products */ = {
			isa = PBXGroup;
			children = (
				768923D92A35477000766308 /* RickAndMorty.app */,
				76BA87382AAE7FEA0082572C /* RickAndMortyTests.xctest */,
			);
			name = Products;
			sourceTree = "<group>";
		};
		768923DB2A35477000766308 /* RickAndMorty */ = {
			isa = PBXGroup;
			children = (
				35B5CCDF2A8EC8FF00B11614 /* RMHosting */,
				766CB6A92A3A6E1600F4809C /* Fonts */,
				76AD94282A4E3F37000132AD /* Coordinator */,
				768924082A369ECD00766308 /* Extensions */,
				768924002A3558F600766308 /* DataFetcher */,
				768923FD2A3554FB00766308 /* Networking */,
				768923F42A35528900766308 /* Models */,
				768923F02A3547CA00766308 /* Views */,
				768923DC2A35477000766308 /* AppDelegate.swift */,
				768923DE2A35477000766308 /* SceneDelegate.swift */,
				768923E52A35477000766308 /* Assets.xcassets */,
				768923E72A35477000766308 /* LaunchScreen.storyboard */,
				768923EA2A35477000766308 /* Info.plist */,
			);
			path = RickAndMorty;
			sourceTree = "<group>";
		};
		768923F02A3547CA00766308 /* Views */ = {
			isa = PBXGroup;
			children = (
				83F78A9E2A7A1F9500FD3BCD /* Footer */,
				35EBC6E52A995F3300C694CD /* Cards */,
				356454592A93F21400C6A164 /* DetailViews */,
				831124E62A5E5B69003BB1A5 /* RMEpisodeList */,
				7689240B2A369F1400766308 /* RMListView */,
				768EEF4E2A37E2D600B6C2BF /* RMCharacterList */,
				357802BC2A5CE1D6009FE1D0 /* RMLocationList */,
			);
			path = Views;
			sourceTree = "<group>";
		};
		768923F42A35528900766308 /* Models */ = {
			isa = PBXGroup;
			children = (
				768923F72A35531000766308 /* RMCharacter.swift */,
				768923F92A35537300766308 /* RMResponse.swift */,
				768923FB2A3554B700766308 /* RMLocation.swift */,
				831124ED2A5E5BD6003BB1A5 /* RMEpisode.swift */,
				76BA87322AAE7B6D0082572C /* IntegerExtractor.swift */,
			);
			path = Models;
			sourceTree = "<group>";
		};
		768923FD2A3554FB00766308 /* Networking */ = {
			isa = PBXGroup;
			children = (
				768923FE2A35550C00766308 /* NetworkFetcher.swift */,
				768924062A355F4300766308 /* RMEndpoint.swift */,
			);
			path = Networking;
			sourceTree = "<group>";
		};
		768924002A3558F600766308 /* DataFetcher */ = {
			isa = PBXGroup;
			children = (
				768924012A35591300766308 /* RMDataProvider.swift */,
			);
			path = DataFetcher;
			sourceTree = "<group>";
		};
		768924082A369ECD00766308 /* Extensions */ = {
			isa = PBXGroup;
			children = (
				35FECAF52A747C4600822357 /* String+Ext.swift */,
				766BD0962A5621C900441E99 /* UIImageView+Ext.swift */,
				766BD0982A56266700441E99 /* UIImage+Ext.swift */,
				83CD00652A6068330011E7E1 /* DateFormatter+Ext.swift */,
			);
			path = Extensions;
			sourceTree = "<group>";
		};
		7689240B2A369F1400766308 /* RMListView */ = {
			isa = PBXGroup;
			children = (
				7689240C2A369F2C00766308 /* RMListViewController.swift */,
				7689240E2A369FF600766308 /* RMListViewModel.swift */,
			);
			path = RMListView;
			sourceTree = "<group>";
		};
		768EEF4E2A37E2D600B6C2BF /* RMCharacterList */ = {
			isa = PBXGroup;
			children = (
				768EEF4F2A37E2F200B6C2BF /* RMCharacterHorizontalCell.swift */,
				3578B1712A3BC689008AA38A /* RMCharacterStatusView.swift */,
				35F34D262A3D6C3300F4FAAE /* RMCharacterImageSpecieView.swift */,
				357802C12A5CE2B0009FE1D0 /* RMCharacterConfiguration.swift */,
				357802C32A5CE2E9009FE1D0 /* RMCharacterCellViewModel.swift */,
			);
			path = RMCharacterList;
			sourceTree = "<group>";
		};
		76AD94282A4E3F37000132AD /* Coordinator */ = {
			isa = PBXGroup;
			children = (
				76AD94292A4E3F80000132AD /* Coordinator.swift */,
			);
			path = Coordinator;
			sourceTree = "<group>";
		};
		76BA87392AAE7FEA0082572C /* RickAndMortyTests */ = {
			isa = PBXGroup;
			children = (
				76BA87442AAEA1B00082572C /* MockResponses */,
				76BA87412AAE80410082572C /* Models */,
			);
			path = RickAndMortyTests;
			sourceTree = "<group>";
		};
		76BA87412AAE80410082572C /* Models */ = {
			isa = PBXGroup;
			children = (
				76BA87422AAE80620082572C /* IntegerExtractorTests.swift */,
			);
			path = Models;
			sourceTree = "<group>";
		};
		76BA87442AAEA1B00082572C /* MockResponses */ = {
			isa = PBXGroup;
			children = (
				76BA87452AAEA1C60082572C /* MockResponses.swift */,
			);
			path = MockResponses;
			sourceTree = "<group>";
		};
		831124E62A5E5B69003BB1A5 /* RMEpisodeList */ = {
			isa = PBXGroup;
			children = (
				831124E72A5E5B8C003BB1A5 /* RMEpisodeConfiguration.swift */,
				831124E92A5E5BA8003BB1A5 /* RMEpisodeHorizontalCell.swift */,
				831124EB2A5E5BC3003BB1A5 /* RMEpisodeCellViewModel.swift */,
			);
			path = RMEpisodeList;
			sourceTree = "<group>";
		};
		839626E62ADA7AD500B3147C /* RMEpisodeDetail */ = {
			isa = PBXGroup;
			children = (
				839626E72ADA7AFF00B3147C /* RMEpisodeDetailViewModel.swift */,
				839626E92ADA7B9E00B3147C /* RMEpisodeDetailView.swift */,
			);
			path = RMEpisodeDetail;
			sourceTree = "<group>";
		};
		83F78A9E2A7A1F9500FD3BCD /* Footer */ = {
			isa = PBXGroup;
			children = (
				83F78A9F2A7A1FC200FD3BCD /* FooterSpinnerView.swift */,
				83C82D1F2ACB90C500B1948D /* FooterPageView.swift */,
			);
			path = Footer;
			sourceTree = "<group>";
		};
/* End PBXGroup section */

/* Begin PBXNativeTarget section */
		768923D82A35477000766308 /* RickAndMorty */ = {
			isa = PBXNativeTarget;
			buildConfigurationList = 768923ED2A35477000766308 /* Build configuration list for PBXNativeTarget "RickAndMorty" */;
			buildPhases = (
				768923D52A35477000766308 /* Sources */,
				768923D62A35477000766308 /* Frameworks */,
				768923D72A35477000766308 /* Resources */,
			);
			buildRules = (
			);
			dependencies = (
			);
			name = RickAndMorty;
			packageProductDependencies = (
				35B5CCB42A85C5F900B11614 /* SDWebImageSwiftUI */,
			);
			productName = RickAndMorty;
			productReference = 768923D92A35477000766308 /* RickAndMorty.app */;
			productType = "com.apple.product-type.application";
		};
		76BA87372AAE7FEA0082572C /* RickAndMortyTests */ = {
			isa = PBXNativeTarget;
			buildConfigurationList = 76BA873E2AAE7FEA0082572C /* Build configuration list for PBXNativeTarget "RickAndMortyTests" */;
			buildPhases = (
				76BA87342AAE7FEA0082572C /* Sources */,
				76BA87352AAE7FEA0082572C /* Frameworks */,
				76BA87362AAE7FEA0082572C /* Resources */,
			);
			buildRules = (
			);
			dependencies = (
				76BA873D2AAE7FEA0082572C /* PBXTargetDependency */,
			);
			name = RickAndMortyTests;
			productName = RickAndMortyTests;
			productReference = 76BA87382AAE7FEA0082572C /* RickAndMortyTests.xctest */;
			productType = "com.apple.product-type.bundle.unit-test";
		};
/* End PBXNativeTarget section */

/* Begin PBXProject section */
		768923D12A35477000766308 /* Project object */ = {
			isa = PBXProject;
			attributes = {
				BuildIndependentTargetsInParallel = 1;
				LastSwiftUpdateCheck = 1500;
				LastUpgradeCheck = 1500;
				TargetAttributes = {
					768923D82A35477000766308 = {
						CreatedOnToolsVersion = 15.0;
					};
					76BA87372AAE7FEA0082572C = {
						CreatedOnToolsVersion = 15.0;
						TestTargetID = 768923D82A35477000766308;
					};
				};
			};
			buildConfigurationList = 768923D42A35477000766308 /* Build configuration list for PBXProject "RickAndMorty" */;
			compatibilityVersion = "Xcode 14.0";
			developmentRegion = en;
			hasScannedForEncodings = 0;
			knownRegions = (
				en,
				Base,
			);
			mainGroup = 768923D02A35477000766308;
			packageReferences = (
				35B5CCB32A85C5F900B11614 /* XCRemoteSwiftPackageReference "SDWebImageSwiftUI" */,
			);
			productRefGroup = 768923DA2A35477000766308 /* Products */;
			projectDirPath = "";
			projectRoot = "";
			targets = (
				768923D82A35477000766308 /* RickAndMorty */,
				76BA87372AAE7FEA0082572C /* RickAndMortyTests */,
			);
		};
/* End PBXProject section */

/* Begin PBXResourcesBuildPhase section */
		768923D72A35477000766308 /* Resources */ = {
			isa = PBXResourcesBuildPhase;
			buildActionMask = 2147483647;
			files = (
				768923E92A35477000766308 /* LaunchScreen.storyboard in Resources */,
				766CB6AB2A3A6F5700F4809C /* get_schwifty.ttf in Resources */,
				768923E62A35477000766308 /* Assets.xcassets in Resources */,
			);
			runOnlyForDeploymentPostprocessing = 0;
		};
		76BA87362AAE7FEA0082572C /* Resources */ = {
			isa = PBXResourcesBuildPhase;
			buildActionMask = 2147483647;
			files = (
			);
			runOnlyForDeploymentPostprocessing = 0;
		};
/* End PBXResourcesBuildPhase section */

/* Begin PBXSourcesBuildPhase section */
		768923D52A35477000766308 /* Sources */ = {
			isa = PBXSourcesBuildPhase;
			buildActionMask = 2147483647;
			files = (
				D6238E7A2B573B8F00671416 /* RMCharacterCardView.swift in Sources */,
				768EEF502A37E2F200B6C2BF /* RMCharacterHorizontalCell.swift in Sources */,
				357802C42A5CE2E9009FE1D0 /* RMCharacterCellViewModel.swift in Sources */,
				831124EA2A5E5BA8003BB1A5 /* RMEpisodeHorizontalCell.swift in Sources */,
				768923F82A35531000766308 /* RMCharacter.swift in Sources */,
				35EBC6EA2A9960A500C694CD /* RMEpisodeCardViewModel.swift in Sources */,
				83C82D202ACB90C500B1948D /* FooterPageView.swift in Sources */,
				83CD00662A6068330011E7E1 /* DateFormatter+Ext.swift in Sources */,
				3578B1722A3BC689008AA38A /* RMCharacterStatusView.swift in Sources */,
				766BD0972A5621C900441E99 /* UIImageView+Ext.swift in Sources */,
				831124EE2A5E5BD6003BB1A5 /* RMEpisode.swift in Sources */,
				35EBC6E72A995F4B00C694CD /* RMEpisodeCardView.swift in Sources */,
				3564545C2A93F23600C6A164 /* RMCharacterDetailView.swift in Sources */,
				766BD0992A56266700441E99 /* UIImage+Ext.swift in Sources */,
				35FECAF62A747C4600822357 /* String+Ext.swift in Sources */,
				768923FC2A3554B700766308 /* RMLocation.swift in Sources */,
				35A8B7372ABFCD8F00AC7F9E /* RMLocationDetailView.swift in Sources */,
				7689240D2A369F2C00766308 /* RMListViewController.swift in Sources */,
				768923FF2A35550C00766308 /* NetworkFetcher.swift in Sources */,
				768923DD2A35477000766308 /* AppDelegate.swift in Sources */,
				83F78AA02A7A1FC200FD3BCD /* FooterSpinnerView.swift in Sources */,
				3564545E2A93FC6700C6A164 /* RMCharacterDetailViewModel.swift in Sources */,
				76AD942A2A4E3F80000132AD /* Coordinator.swift in Sources */,
				76BA87332AAE7B6D0082572C /* IntegerExtractor.swift in Sources */,
				839626E82ADA7AFF00B3147C /* RMEpisodeDetailViewModel.swift in Sources */,
				35A8B7382ABFCD9A00AC7F9E /* RMLocationDetailViewModel.swift in Sources */,
				357305CB2A4E51B0005BCD5F /* RMLocationHorizontalCell.swift in Sources */,
				839626EA2ADA7B9E00B3147C /* RMEpisodeDetailView.swift in Sources */,
				357802C22A5CE2B0009FE1D0 /* RMCharacterConfiguration.swift in Sources */,
				7689240F2A369FF600766308 /* RMListViewModel.swift in Sources */,
				35A8B7392ABFCD9E00AC7F9E /* RMCharacterCardViewModel.swift in Sources */,
				768923FA2A35537300766308 /* RMResponse.swift in Sources */,
				35F34D272A3D6C3300F4FAAE /* RMCharacterImageSpecieView.swift in Sources */,
				35A8B7362ABFCD8B00AC7F9E /* RMCharacterCardView.swift in Sources */,
				831124EC2A5E5BC3003BB1A5 /* RMEpisodeCellViewModel.swift in Sources */,
				831124E82A5E5B8C003BB1A5 /* RMEpisodeConfiguration.swift in Sources */,
				768924072A355F4300766308 /* RMEndpoint.swift in Sources */,
				35B5CCE12A8EC91A00B11614 /* RMHostingController.swift in Sources */,
				357802BE2A5CE206009FE1D0 /* RMLocationConfiguration.swift in Sources */,
				357802C02A5CE251009FE1D0 /* RMLocationCellViewModel.swift in Sources */,
				768924022A35591300766308 /* RMDataProvider.swift in Sources */,
				768923DF2A35477000766308 /* SceneDelegate.swift in Sources */,
			);
			runOnlyForDeploymentPostprocessing = 0;
		};
		76BA87342AAE7FEA0082572C /* Sources */ = {
			isa = PBXSourcesBuildPhase;
			buildActionMask = 2147483647;
			files = (
				76BA87462AAEA1C60082572C /* MockResponses.swift in Sources */,
				76BA87432AAE80620082572C /* IntegerExtractorTests.swift in Sources */,
			);
			runOnlyForDeploymentPostprocessing = 0;
		};
/* End PBXSourcesBuildPhase section */

/* Begin PBXTargetDependency section */
		76BA873D2AAE7FEA0082572C /* PBXTargetDependency */ = {
			isa = PBXTargetDependency;
			target = 768923D82A35477000766308 /* RickAndMorty */;
			targetProxy = 76BA873C2AAE7FEA0082572C /* PBXContainerItemProxy */;
		};
/* End PBXTargetDependency section */

/* Begin PBXVariantGroup section */
		768923E72A35477000766308 /* LaunchScreen.storyboard */ = {
			isa = PBXVariantGroup;
			children = (
				768923E82A35477000766308 /* Base */,
			);
			name = LaunchScreen.storyboard;
			sourceTree = "<group>";
		};
/* End PBXVariantGroup section */

/* Begin XCBuildConfiguration section */
		768923EB2A35477000766308 /* Debug */ = {
			isa = XCBuildConfiguration;
			buildSettings = {
				ALWAYS_SEARCH_USER_PATHS = NO;
				ASSETCATALOG_COMPILER_GENERATE_SWIFT_ASSET_SYMBOL_EXTENSIONS = YES;
				CLANG_ANALYZER_NONNULL = YES;
				CLANG_ANALYZER_NUMBER_OBJECT_CONVERSION = YES_AGGRESSIVE;
				CLANG_CXX_LANGUAGE_STANDARD = "gnu++20";
				CLANG_ENABLE_MODULES = YES;
				CLANG_ENABLE_OBJC_ARC = YES;
				CLANG_ENABLE_OBJC_WEAK = YES;
				CLANG_WARN_BLOCK_CAPTURE_AUTORELEASING = YES;
				CLANG_WARN_BOOL_CONVERSION = YES;
				CLANG_WARN_COMMA = YES;
				CLANG_WARN_CONSTANT_CONVERSION = YES;
				CLANG_WARN_DEPRECATED_OBJC_IMPLEMENTATIONS = YES;
				CLANG_WARN_DIRECT_OBJC_ISA_USAGE = YES_ERROR;
				CLANG_WARN_DOCUMENTATION_COMMENTS = YES;
				CLANG_WARN_EMPTY_BODY = YES;
				CLANG_WARN_ENUM_CONVERSION = YES;
				CLANG_WARN_INFINITE_RECURSION = YES;
				CLANG_WARN_INT_CONVERSION = YES;
				CLANG_WARN_NON_LITERAL_NULL_CONVERSION = YES;
				CLANG_WARN_OBJC_IMPLICIT_RETAIN_SELF = YES;
				CLANG_WARN_OBJC_LITERAL_CONVERSION = YES;
				CLANG_WARN_OBJC_ROOT_CLASS = YES_ERROR;
				CLANG_WARN_QUOTED_INCLUDE_IN_FRAMEWORK_HEADER = YES;
				CLANG_WARN_RANGE_LOOP_ANALYSIS = YES;
				CLANG_WARN_STRICT_PROTOTYPES = YES;
				CLANG_WARN_SUSPICIOUS_MOVE = YES;
				CLANG_WARN_UNGUARDED_AVAILABILITY = YES_AGGRESSIVE;
				CLANG_WARN_UNREACHABLE_CODE = YES;
				CLANG_WARN__DUPLICATE_METHOD_MATCH = YES;
				COPY_PHASE_STRIP = NO;
				DEBUG_INFORMATION_FORMAT = dwarf;
				ENABLE_STRICT_OBJC_MSGSEND = YES;
				ENABLE_TESTABILITY = YES;
				ENABLE_USER_SCRIPT_SANDBOXING = YES;
				GCC_C_LANGUAGE_STANDARD = gnu17;
				GCC_DYNAMIC_NO_PIC = NO;
				GCC_NO_COMMON_BLOCKS = YES;
				GCC_OPTIMIZATION_LEVEL = 0;
				GCC_PREPROCESSOR_DEFINITIONS = (
					"DEBUG=1",
					"$(inherited)",
				);
				GCC_WARN_64_TO_32_BIT_CONVERSION = YES;
				GCC_WARN_ABOUT_RETURN_TYPE = YES_ERROR;
				GCC_WARN_UNDECLARED_SELECTOR = YES;
				GCC_WARN_UNINITIALIZED_AUTOS = YES_AGGRESSIVE;
				GCC_WARN_UNUSED_FUNCTION = YES;
				GCC_WARN_UNUSED_VARIABLE = YES;
				IPHONEOS_DEPLOYMENT_TARGET = 17.0;
				LOCALIZATION_PREFERS_STRING_CATALOGS = YES;
				MTL_ENABLE_DEBUG_INFO = INCLUDE_SOURCE;
				MTL_FAST_MATH = YES;
				ONLY_ACTIVE_ARCH = YES;
				SDKROOT = iphoneos;
				SWIFT_ACTIVE_COMPILATION_CONDITIONS = "DEBUG $(inherited)";
				SWIFT_OPTIMIZATION_LEVEL = "-Onone";
			};
			name = Debug;
		};
		768923EC2A35477000766308 /* Release */ = {
			isa = XCBuildConfiguration;
			buildSettings = {
				ALWAYS_SEARCH_USER_PATHS = NO;
				ASSETCATALOG_COMPILER_GENERATE_SWIFT_ASSET_SYMBOL_EXTENSIONS = YES;
				CLANG_ANALYZER_NONNULL = YES;
				CLANG_ANALYZER_NUMBER_OBJECT_CONVERSION = YES_AGGRESSIVE;
				CLANG_CXX_LANGUAGE_STANDARD = "gnu++20";
				CLANG_ENABLE_MODULES = YES;
				CLANG_ENABLE_OBJC_ARC = YES;
				CLANG_ENABLE_OBJC_WEAK = YES;
				CLANG_WARN_BLOCK_CAPTURE_AUTORELEASING = YES;
				CLANG_WARN_BOOL_CONVERSION = YES;
				CLANG_WARN_COMMA = YES;
				CLANG_WARN_CONSTANT_CONVERSION = YES;
				CLANG_WARN_DEPRECATED_OBJC_IMPLEMENTATIONS = YES;
				CLANG_WARN_DIRECT_OBJC_ISA_USAGE = YES_ERROR;
				CLANG_WARN_DOCUMENTATION_COMMENTS = YES;
				CLANG_WARN_EMPTY_BODY = YES;
				CLANG_WARN_ENUM_CONVERSION = YES;
				CLANG_WARN_INFINITE_RECURSION = YES;
				CLANG_WARN_INT_CONVERSION = YES;
				CLANG_WARN_NON_LITERAL_NULL_CONVERSION = YES;
				CLANG_WARN_OBJC_IMPLICIT_RETAIN_SELF = YES;
				CLANG_WARN_OBJC_LITERAL_CONVERSION = YES;
				CLANG_WARN_OBJC_ROOT_CLASS = YES_ERROR;
				CLANG_WARN_QUOTED_INCLUDE_IN_FRAMEWORK_HEADER = YES;
				CLANG_WARN_RANGE_LOOP_ANALYSIS = YES;
				CLANG_WARN_STRICT_PROTOTYPES = YES;
				CLANG_WARN_SUSPICIOUS_MOVE = YES;
				CLANG_WARN_UNGUARDED_AVAILABILITY = YES_AGGRESSIVE;
				CLANG_WARN_UNREACHABLE_CODE = YES;
				CLANG_WARN__DUPLICATE_METHOD_MATCH = YES;
				COPY_PHASE_STRIP = NO;
				DEBUG_INFORMATION_FORMAT = "dwarf-with-dsym";
				ENABLE_NS_ASSERTIONS = NO;
				ENABLE_STRICT_OBJC_MSGSEND = YES;
				ENABLE_USER_SCRIPT_SANDBOXING = YES;
				GCC_C_LANGUAGE_STANDARD = gnu17;
				GCC_NO_COMMON_BLOCKS = YES;
				GCC_WARN_64_TO_32_BIT_CONVERSION = YES;
				GCC_WARN_ABOUT_RETURN_TYPE = YES_ERROR;
				GCC_WARN_UNDECLARED_SELECTOR = YES;
				GCC_WARN_UNINITIALIZED_AUTOS = YES_AGGRESSIVE;
				GCC_WARN_UNUSED_FUNCTION = YES;
				GCC_WARN_UNUSED_VARIABLE = YES;
				IPHONEOS_DEPLOYMENT_TARGET = 17.0;
				LOCALIZATION_PREFERS_STRING_CATALOGS = YES;
				MTL_ENABLE_DEBUG_INFO = NO;
				MTL_FAST_MATH = YES;
				SDKROOT = iphoneos;
				SWIFT_COMPILATION_MODE = wholemodule;
				VALIDATE_PRODUCT = YES;
			};
			name = Release;
		};
		768923EE2A35477000766308 /* Debug */ = {
			isa = XCBuildConfiguration;
			buildSettings = {
				ASSETCATALOG_COMPILER_APPICON_NAME = AppIcon;
				ASSETCATALOG_COMPILER_GLOBAL_ACCENT_COLOR_NAME = AccentColor;
				CODE_SIGN_STYLE = Automatic;
				CURRENT_PROJECT_VERSION = 1;
				GENERATE_INFOPLIST_FILE = YES;
				INFOPLIST_FILE = RickAndMorty/Info.plist;
				INFOPLIST_KEY_UIApplicationSupportsIndirectInputEvents = YES;
				INFOPLIST_KEY_UILaunchStoryboardName = LaunchScreen;
				INFOPLIST_KEY_UIMainStoryboardFile = "";
				INFOPLIST_KEY_UISupportedInterfaceOrientations = UIInterfaceOrientationPortrait;
				LD_RUNPATH_SEARCH_PATHS = (
					"$(inherited)",
					"@executable_path/Frameworks",
				);
				MARKETING_VERSION = 1.0;
				PRODUCT_BUNDLE_IDENTIFIER = com.hero691.hgp691.RickAndMorty;
				PRODUCT_NAME = "$(TARGET_NAME)";
				SWIFT_EMIT_LOC_STRINGS = YES;
				SWIFT_VERSION = 5.0;
				TARGETED_DEVICE_FAMILY = "1,2";
			};
			name = Debug;
		};
		768923EF2A35477000766308 /* Release */ = {
			isa = XCBuildConfiguration;
			buildSettings = {
				ASSETCATALOG_COMPILER_APPICON_NAME = AppIcon;
				ASSETCATALOG_COMPILER_GLOBAL_ACCENT_COLOR_NAME = AccentColor;
				CODE_SIGN_STYLE = Automatic;
				CURRENT_PROJECT_VERSION = 1;
				GENERATE_INFOPLIST_FILE = YES;
				INFOPLIST_FILE = RickAndMorty/Info.plist;
				INFOPLIST_KEY_UIApplicationSupportsIndirectInputEvents = YES;
				INFOPLIST_KEY_UILaunchStoryboardName = LaunchScreen;
				INFOPLIST_KEY_UIMainStoryboardFile = "";
				INFOPLIST_KEY_UISupportedInterfaceOrientations = UIInterfaceOrientationPortrait;
				LD_RUNPATH_SEARCH_PATHS = (
					"$(inherited)",
					"@executable_path/Frameworks",
				);
				MARKETING_VERSION = 1.0;
				PRODUCT_BUNDLE_IDENTIFIER = com.hero691.hgp691.RickAndMorty;
				PRODUCT_NAME = "$(TARGET_NAME)";
				SWIFT_EMIT_LOC_STRINGS = YES;
				SWIFT_VERSION = 5.0;
				TARGETED_DEVICE_FAMILY = "1,2";
			};
			name = Release;
		};
		76BA873F2AAE7FEA0082572C /* Debug */ = {
			isa = XCBuildConfiguration;
			buildSettings = {
				BUNDLE_LOADER = "$(TEST_HOST)";
				CODE_SIGN_STYLE = Automatic;
				CURRENT_PROJECT_VERSION = 1;
				GENERATE_INFOPLIST_FILE = YES;
				MARKETING_VERSION = 1.0;
				PRODUCT_BUNDLE_IDENTIFIER = com.hero691.hgp691.RickAndMortyTests;
				PRODUCT_NAME = "$(TARGET_NAME)";
				SWIFT_EMIT_LOC_STRINGS = NO;
				SWIFT_VERSION = 5.0;
				TARGETED_DEVICE_FAMILY = "1,2";
				TEST_HOST = "$(BUILT_PRODUCTS_DIR)/RickAndMorty.app/$(BUNDLE_EXECUTABLE_FOLDER_PATH)/RickAndMorty";
			};
			name = Debug;
		};
		76BA87402AAE7FEA0082572C /* Release */ = {
			isa = XCBuildConfiguration;
			buildSettings = {
				BUNDLE_LOADER = "$(TEST_HOST)";
				CODE_SIGN_STYLE = Automatic;
				CURRENT_PROJECT_VERSION = 1;
				GENERATE_INFOPLIST_FILE = YES;
				MARKETING_VERSION = 1.0;
				PRODUCT_BUNDLE_IDENTIFIER = com.hero691.hgp691.RickAndMortyTests;
				PRODUCT_NAME = "$(TARGET_NAME)";
				SWIFT_EMIT_LOC_STRINGS = NO;
				SWIFT_VERSION = 5.0;
				TARGETED_DEVICE_FAMILY = "1,2";
				TEST_HOST = "$(BUILT_PRODUCTS_DIR)/RickAndMorty.app/$(BUNDLE_EXECUTABLE_FOLDER_PATH)/RickAndMorty";
			};
			name = Release;
		};
/* End XCBuildConfiguration section */

/* Begin XCConfigurationList section */
		768923D42A35477000766308 /* Build configuration list for PBXProject "RickAndMorty" */ = {
			isa = XCConfigurationList;
			buildConfigurations = (
				768923EB2A35477000766308 /* Debug */,
				768923EC2A35477000766308 /* Release */,
			);
			defaultConfigurationIsVisible = 0;
			defaultConfigurationName = Release;
		};
		768923ED2A35477000766308 /* Build configuration list for PBXNativeTarget "RickAndMorty" */ = {
			isa = XCConfigurationList;
			buildConfigurations = (
				768923EE2A35477000766308 /* Debug */,
				768923EF2A35477000766308 /* Release */,
			);
			defaultConfigurationIsVisible = 0;
			defaultConfigurationName = Release;
		};
		76BA873E2AAE7FEA0082572C /* Build configuration list for PBXNativeTarget "RickAndMortyTests" */ = {
			isa = XCConfigurationList;
			buildConfigurations = (
				76BA873F2AAE7FEA0082572C /* Debug */,
				76BA87402AAE7FEA0082572C /* Release */,
			);
			defaultConfigurationIsVisible = 0;
			defaultConfigurationName = Release;
		};
/* End XCConfigurationList section */

/* Begin XCRemoteSwiftPackageReference section */
		35B5CCB32A85C5F900B11614 /* XCRemoteSwiftPackageReference "SDWebImageSwiftUI" */ = {
			isa = XCRemoteSwiftPackageReference;
			repositoryURL = "https://github.com/SDWebImage/SDWebImageSwiftUI.git";
			requirement = {
				kind = exactVersion;
				version = 2.2.3;
			};
		};
/* End XCRemoteSwiftPackageReference section */

/* Begin XCSwiftPackageProductDependency section */
		35B5CCB42A85C5F900B11614 /* SDWebImageSwiftUI */ = {
			isa = XCSwiftPackageProductDependency;
			package = 35B5CCB32A85C5F900B11614 /* XCRemoteSwiftPackageReference "SDWebImageSwiftUI" */;
			productName = SDWebImageSwiftUI;
		};
/* End XCSwiftPackageProductDependency section */
	};
	rootObject = 768923D12A35477000766308 /* Project object */;
}
